
Microsoft Visual Studio Solution File, Format Version 12.00
# Visual Studio Version 17
VisualStudioVersion = 17.11.35303.130
MinimumVisualStudioVersion = 10.0.40219.1
Project("{9A19103F-16F7-4668-BE54-9A1E7A4F7556}") = "NZWalks.API", "NZWalks.API\NZWalks.API.csproj", "{FB217893-78FF-4108-9984-D48D7B378F72}"
EndProject
Project("{FAE04EC0-301F-11D3-BF4B-00C04F79EFBC}") = "NZWalks.UI", "NZWalks.UI\NZWalks.UI.csproj", "{0B46D265-8BAC-4C22-9218-3B95377557D3}"
EndProject
Global
	GlobalSection(SolutionConfigurationPlatforms) = preSolution
		Debug|Any CPU = Debug|Any CPU
		Release|Any CPU = Release|Any CPU
	EndGlobalSection
	GlobalSection(ProjectConfigurationPlatforms) = postSolution
		{FB217893-78FF-4108-9984-D48D7B378F72}.Debug|Any CPU.ActiveCfg = Debug|Any CPU
		{FB217893-78FF-4108-9984-D48D7B378F72}.Debug|Any CPU.Build.0 = Debug|Any CPU
		{FB217893-78FF-4108-9984-D48D7B378F72}.Release|Any CPU.ActiveCfg = Release|Any CPU
		{FB217893-78FF-4108-9984-D48D7B378F72}.Release|Any CPU.Build.0 = Release|Any CPU
		{0B46D265-8BAC-4C22-9218-3B95377557D3}.Debug|Any CPU.ActiveCfg = Debug|Any CPU
		{0B46D265-8BAC-4C22-9218-3B95377557D3}.Debug|Any CPU.Build.0 = Debug|Any CPU
		{0B46D265-8BAC-4C22-9218-3B95377557D3}.Release|Any CPU.ActiveCfg = Release|Any CPU
		{0B46D265-8BAC-4C22-9218-3B95377557D3}.Release|Any CPU.Build.0 = Release|Any CPU
	EndGlobalSection
	GlobalSection(SolutionProperties) = preSolution
		HideSolutionNode = FALSE
	EndGlobalSection
	GlobalSection(ExtensibilityGlobals) = postSolution
		SolutionGuid = {80842B40-4092-456B-9C55-E6B68C781EF9}
	EndGlobalSection
EndGlobal
